<?xml version="1.0" encoding="utf-8"?>
<Project ToolsVersion="4.0" xmlns="http://schemas.microsoft.com/developer/msbuild/2003">
  <ItemGroup>
    <ClCompile Include="src\CEGUI_main.cpp">
      <Filter>Source Files</Filter>
    </ClCompile>
    <ClCompile Include="src\CEGUI_widgets.cpp">
      <Filter>Source Files</Filter>
    </ClCompile>
    <ClCompile Include="src\INPUT_main.cpp">
      <Filter>Source Files</Filter>
    </ClCompile>
    <ClCompile Include="src\OGRE_main.cpp">
      <Filter>Source Files</Filter>
    </ClCompile>
  </ItemGroup>
  <ItemGroup>
    <ClInclude Include="src\CEGUI_main.h">
      <Filter>Header Files</Filter>
    </ClInclude>
    <ClInclude Include="src\CEGUI_keytranslate.h">
      <Filter>Header Files</Filter>
    </ClInclude>
    <ClInclude Include="src\CEGUI_widgets.h">
      <Filter>Header Files</Filter>
    </ClInclude>
    <ClInclude Include="src\INPUT_main.h">
      <Filter>Header Files</Filter>
    </ClInclude>
    <ClInclude Include="src\Log.h">
      <Filter>Header Files</Filter>
    </ClInclude>
    <ClInclude Include="src\OGRE_main.h">
      <Filter>Header Files</Filter>
    </ClInclude>
    <ClInclude Include="src\MediaResources.h">
      <Filter>Header Files</Filter>
    </ClInclude>
    <ClInclude Include="src\input_test_layout.h">
      <Filter>Header Files</Filter>
    </ClInclude>
  </ItemGroup>
  <ItemGroup>
    <CustomBuild Include="CMakeLists.txt" />
  </ItemGroup>
  <ItemGroup>
    <Filter Include="Source Files">
      <UniqueIdentifier>{33BCD9D5-4BEC-4343-AF92-505A5FB3F022}</UniqueIdentifier>
    </Filter>
    <Filter Include="Header Files">
      <UniqueIdentifier>{28F88344-764B-4810-81B2-2F6F501892B3}</UniqueIdentifier>
    </Filter>
  </ItemGroup>
</Project>
